
Microsoft Visual Studio Solution File, Format Version 12.00
# Visual Studio 15
VisualStudioVersion = 15.0.28307.1340
MinimumVisualStudioVersion = 10.0.40219.1
Project("{FAE04EC0-301F-11D3-BF4B-00C04F79EFBC}") = "Clock", "Clock\Clock.csproj", "{9987694E-FE5C-44D6-AA7B-06278564DBAB}"
EndProject
Global
	GlobalSection(SolutionConfigurationPlatforms) = preSolution
		Debug|Any CPU = Debug|Any CPU
		Release|Any CPU = Release|Any CPU
	EndGlobalSection
	GlobalSection(ProjectConfigurationPlatforms) = postSolution
		{9987694E-FE5C-44D6-AA7B-06278564DBAB}.Debug|Any CPU.ActiveCfg = Debug|Any CPU
		{9987694E-FE5C-44D6-AA7B-06278564DBAB}.Debug|Any CPU.Build.0 = Debug|Any CPU
		{9987694E-FE5C-44D6-AA7B-06278564DBAB}.Release|Any CPU.ActiveCfg = Release|Any CPU
		{9987694E-FE5C-44D6-AA7B-06278564DBAB}.Release|Any CPU.Build.0 = Release|Any CPU
	EndGlobalSection
	GlobalSection(SolutionProperties) = preSolution
		HideSolutionNode = FALSE
	EndGlobalSection
	GlobalSection(ExtensibilityGlobals) = postSolution
		SolutionGuid = {1D6184C5-5754-403C-A723-F5CE2049073D}
	EndGlobalSection
EndGlobal
